
Microsoft Visual Studio Solution File, Format Version 12.00
# Visual Studio Version 17
VisualStudioVersion = 17.8.34408.163
MinimumVisualStudioVersion = 10.0.40219.1
Project("{FAE04EC0-301F-11D3-BF4B-00C04F79EFBC}") = "EF_05", "EF_05\EF_05.csproj", "{0CB0BB95-E608-4BD8-BB23-D3D8B7F0889E}"
EndProject
Global
	GlobalSection(SolutionConfigurationPlatforms) = preSolution
		Debug|Any CPU = Debug|Any CPU
		Release|Any CPU = Release|Any CPU
	EndGlobalSection
	GlobalSection(ProjectConfigurationPlatforms) = postSolution
		{0CB0BB95-E608-4BD8-BB23-D3D8B7F0889E}.Debug|Any CPU.ActiveCfg = Debug|Any CPU
		{0CB0BB95-E608-4BD8-BB23-D3D8B7F0889E}.Debug|Any CPU.Build.0 = Debug|Any CPU
		{0CB0BB95-E608-4BD8-BB23-D3D8B7F0889E}.Release|Any CPU.ActiveCfg = Release|Any CPU
		{0CB0BB95-E608-4BD8-BB23-D3D8B7F0889E}.Release|Any CPU.Build.0 = Release|Any CPU
	EndGlobalSection
	GlobalSection(SolutionProperties) = preSolution
		HideSolutionNode = FALSE
	EndGlobalSection
	GlobalSection(ExtensibilityGlobals) = postSolution
		SolutionGuid = {C0042F67-B37B-4CAA-81C1-C34E13034E56}
	EndGlobalSection
EndGlobal
